{
  "name": "xpub-theme",
  "version": "0.0.2",
  "lockfileVersion": 1,
  "requires": true,
  "dependencies": {
    "typeface-noto-sans": {
      "version": "0.0.54",
      "resolved": "https://registry.npmjs.org/typeface-noto-sans/-/typeface-noto-sans-0.0.54.tgz",
      "integrity": "sha512-wV2BNwFuSOYaz96gk5fDuD0RB4pPKKgQvvM9ep6jWRUTqPuND+fM4wz0xAqxopTYeZ/sVunyFIc3iCq7gMbULQ=="
    },
    "typeface-noto-serif": {
      "version": "0.0.54",
      "resolved": "https://registry.npmjs.org/typeface-noto-serif/-/typeface-noto-serif-0.0.54.tgz",
      "integrity": "sha512-GqplhQuONaGlWpeW4DZoMv64EKqwaLsTR9QCguV/zORZATEUxHvozvL4rudatCIu9lSnIgV5MrE/ZJhrscPHOg=="
    },
    "typeface-ubuntu-mono": {
      "version": "0.0.54",
      "resolved": "https://registry.npmjs.org/typeface-ubuntu-mono/-/typeface-ubuntu-mono-0.0.54.tgz",
      "integrity": "sha512-hwfEPLzA3f/q8RowZlW6Mmvqe8yffYk7vlwzia+n7xVjY16C2UvWWPCgGMXUbUIgFZIeqA5OvFwUjDMzi95wRw=="
    }
  }
}
